
Microsoft Visual Studio Solution File, Format Version 12.00
# Visual Studio Version 16
VisualStudioVersion = 16.0.30114.105
MinimumVisualStudioVersion = 10.0.40219.1
Project("{FAE04EC0-301F-11D3-BF4B-00C04F79EFBC}") = "NetNix", "NetNix\NetNix.csproj", "{16212B2D-91B4-41A8-A830-93D9E5FD3758}"
EndProject
Global
	GlobalSection(SolutionConfigurationPlatforms) = preSolution
		Debug|Any CPU = Debug|Any CPU
		Release|Any CPU = Release|Any CPU
	EndGlobalSection
	GlobalSection(ProjectConfigurationPlatforms) = postSolution
		{16212B2D-91B4-41A8-A830-93D9E5FD3758}.Debug|Any CPU.ActiveCfg = Debug|Any CPU
		{16212B2D-91B4-41A8-A830-93D9E5FD3758}.Debug|Any CPU.Build.0 = Debug|Any CPU
		{16212B2D-91B4-41A8-A830-93D9E5FD3758}.Release|Any CPU.ActiveCfg = Release|Any CPU
		{16212B2D-91B4-41A8-A830-93D9E5FD3758}.Release|Any CPU.Build.0 = Release|Any CPU
	EndGlobalSection
	GlobalSection(SolutionProperties) = preSolution
		HideSolutionNode = FALSE
	EndGlobalSection
	GlobalSection(ExtensibilityGlobals) = postSolution
		SolutionGuid = {8273B2B5-D506-4BBE-A21F-2142EF99D42D}
	EndGlobalSection
EndGlobal
